
Microsoft Visual Studio Solution File, Format Version 12.00
# Visual Studio 2012
Project("{FAE04EC0-301F-11D3-BF4B-00C04F79EFBC}") = "Semantria.Com", "Semantria\Semantria.Com.csproj", "{E942AB83-DA93-4B16-A826-FF3993B47329}"
EndProject
Project("{FAE04EC0-301F-11D3-BF4B-00C04F79EFBC}") = "comScoreSocialDashboard", "UI\comScoreSocialDashboard.csproj", "{CADD24B2-F4A9-4BE9-996B-905779D26225}"
EndProject
Global
	GlobalSection(SolutionConfigurationPlatforms) = preSolution
		Debug|Any CPU = Debug|Any CPU
		Release|Any CPU = Release|Any CPU
	EndGlobalSection
	GlobalSection(ProjectConfigurationPlatforms) = postSolution
		{E942AB83-DA93-4B16-A826-FF3993B47329}.Debug|Any CPU.ActiveCfg = Debug|Any CPU
		{E942AB83-DA93-4B16-A826-FF3993B47329}.Debug|Any CPU.Build.0 = Debug|Any CPU
		{E942AB83-DA93-4B16-A826-FF3993B47329}.Release|Any CPU.ActiveCfg = Release|Any CPU
		{E942AB83-DA93-4B16-A826-FF3993B47329}.Release|Any CPU.Build.0 = Release|Any CPU
		{CADD24B2-F4A9-4BE9-996B-905779D26225}.Debug|Any CPU.ActiveCfg = Debug|Any CPU
		{CADD24B2-F4A9-4BE9-996B-905779D26225}.Debug|Any CPU.Build.0 = Debug|Any CPU
		{CADD24B2-F4A9-4BE9-996B-905779D26225}.Release|Any CPU.ActiveCfg = Release|Any CPU
		{CADD24B2-F4A9-4BE9-996B-905779D26225}.Release|Any CPU.Build.0 = Release|Any CPU
	EndGlobalSection
	GlobalSection(SolutionProperties) = preSolution
		HideSolutionNode = FALSE
	EndGlobalSection
EndGlobal
